
Microsoft Visual Studio Solution File, Format Version 12.00
# Visual Studio Version 16
VisualStudioVersion = 16.0.31911.196
MinimumVisualStudioVersion = 10.0.40219.1
Project("{FAE04EC0-301F-11D3-BF4B-00C04F79EFBC}") = "EMMM Kursovya", "EMMM Kursovya.csproj", "{B3282E25-56F3-45CE-9546-702A0A058EDF}"
EndProject
Global
	GlobalSection(SolutionConfigurationPlatforms) = preSolution
		Debug|Any CPU = Debug|Any CPU
		Release|Any CPU = Release|Any CPU
	EndGlobalSection
	GlobalSection(ProjectConfigurationPlatforms) = postSolution
		{B3282E25-56F3-45CE-9546-702A0A058EDF}.Debug|Any CPU.ActiveCfg = Debug|Any CPU
		{B3282E25-56F3-45CE-9546-702A0A058EDF}.Debug|Any CPU.Build.0 = Debug|Any CPU
		{B3282E25-56F3-45CE-9546-702A0A058EDF}.Release|Any CPU.ActiveCfg = Release|Any CPU
		{B3282E25-56F3-45CE-9546-702A0A058EDF}.Release|Any CPU.Build.0 = Release|Any CPU
	EndGlobalSection
	GlobalSection(SolutionProperties) = preSolution
		HideSolutionNode = FALSE
	EndGlobalSection
	GlobalSection(ExtensibilityGlobals) = postSolution
		SolutionGuid = {9C58AB38-9469-4E89-8736-DCEBAB60CCE5}
	EndGlobalSection
EndGlobal
